<?xml version="1.0" encoding="utf-8"?>
<Project ToolsVersion="18.0" xmlns="http://schemas.microsoft.com/developer/msbuild/2003">
  <ItemGroup>
    <CustomBuild Include="D:\CodexPJ\HDR\hdr-share-fix\CMakeFiles\b946228b990ad6f5a3573440ec193389\generate.stamp.rule">
      <Filter>CMake Rules</Filter>
    </CustomBuild>
  </ItemGroup>
  <ItemGroup>
    <Filter Include="CMake Rules">
      <UniqueIdentifier>{EA7D0097-FC3A-3A26-AE35-82431B088A04}</UniqueIdentifier>
    </Filter>
  </ItemGroup>
</Project>
