<?xml version="1.0" encoding="utf-8"?>
<Project ToolsVersion="18.0" xmlns="http://schemas.microsoft.com/developer/msbuild/2003">
  <ItemGroup>
    <ClCompile Include="D:\CodexPJ\HDR\hdr-share-fix\tests\ToneMapHarness\main.cpp">
      <Filter>Source Files</Filter>
    </ClCompile>
  </ItemGroup>
  <ItemGroup>
    <CustomBuild Include="D:\CodexPJ\HDR\hdr-share-fix\tests\ToneMapHarness\CMakeLists.txt" />
  </ItemGroup>
  <ItemGroup>
    <Filter Include="Source Files">
      <UniqueIdentifier>{354143F7-C3B4-34A8-BCCA-4BB6049B7183}</UniqueIdentifier>
    </Filter>
  </ItemGroup>
</Project>
